// !$*UTF8*$!
{
	archiveVersion = 1;
	classes = {
	};
	objectVersion = 46;
	objects = {

/* Begin PBXBuildFile section */
		04E523901CA3E58A007BBC21 /* main.m in Sources */ = {isa = PBXBuildFile; fileRef = 04E5238F1CA3E58A007BBC21 /* main.m */; };
		04E523931CA3E58A007BBC21 /* AppDelegate.m in Sources */ = {isa = PBXBuildFile; fileRef = 04E523921CA3E58A007BBC21 /* AppDelegate.m */; };
		04E523961CA3E58A007BBC21 /* ViewController.m in Sources */ = {isa = PBXBuildFile; fileRef = 04E523951CA3E58A007BBC21 /* ViewController.m */; };
		04E523991CA3E58A007BBC21 /* Main.storyboard in Resources */ = {isa = PBXBuildFile; fileRef = 04E523971CA3E58A007BBC21 /* Main.storyboard */; };
		04E5239C1CA3E58A007BBC21 /* CoreDataTestOneToMany.xcdatamodeld in Sources */ = {isa = PBXBuildFile; fileRef = 04E5239A1CA3E58A007BBC21 /* CoreDataTestOneToMany.xcdatamodeld */; };
		04E5239E1CA3E58A007BBC21 /* Assets.xcassets in Resources */ = {isa = PBXBuildFile; fileRef = 04E5239D1CA3E58A007BBC21 /* Assets.xcassets */; };
		04E523A11CA3E58A007BBC21 /* LaunchScreen.storyboard in Resources */ = {isa = PBXBuildFile; fileRef = 04E5239F1CA3E58A007BBC21 /* LaunchScreen.storyboard */; };
		04E523AC1CA3E58A007BBC21 /* CoreDataTestOneToManyTests.m in Sources */ = {isa = PBXBuildFile; fileRef = 04E523AB1CA3E58A007BBC21 /* CoreDataTestOneToManyTests.m */; };
		04E523B71CA3E58A007BBC21 /* CoreDataTestOneToManyUITests.m in Sources */ = {isa = PBXBuildFile; fileRef = 04E523B61CA3E58A007BBC21 /* CoreDataTestOneToManyUITests.m */; };
		04E523D81CA3EA06007BBC21 /* Car+CoreDataProperties.m in Sources */ = {isa = PBXBuildFile; fileRef = 04E523D11CA3EA06007BBC21 /* Car+CoreDataProperties.m */; };
		04E523D91CA3EA06007BBC21 /* Car.m in Sources */ = {isa = PBXBuildFile; fileRef = 04E523D31CA3EA06007BBC21 /* Car.m */; };
		04E523DA1CA3EA06007BBC21 /* People+CoreDataProperties.m in Sources */ = {isa = PBXBuildFile; fileRef = 04E523D51CA3EA06007BBC21 /* People+CoreDataProperties.m */; };
		04E523DB1CA3EA06007BBC21 /* People.m in Sources */ = {isa = PBXBuildFile; fileRef = 04E523D71CA3EA06007BBC21 /* People.m */; };
/* End PBXBuildFile section */

/* Begin PBXContainerItemProxy section */
		04E523A81CA3E58A007BBC21 /* PBXContainerItemProxy */ = {
			isa = PBXContainerItemProxy;
			containerPortal = 04E523831CA3E58A007BBC21 /* Project object */;
			proxyType = 1;
			remoteGlobalIDString = 04E5238A1CA3E58A007BBC21;
			remoteInfo = CoreDataTestOneToMany;
		};
		04E523B31CA3E58A007BBC21 /* PBXContainerItemProxy */ = {
			isa = PBXContainerItemProxy;
			containerPortal = 04E523831CA3E58A007BBC21 /* Project object */;
			proxyType = 1;
			remoteGlobalIDString = 04E5238A1CA3E58A007BBC21;
			remoteInfo = CoreDataTestOneToMany;
		};
/* End PBXContainerItemProxy section */

/* Begin PBXFileReference section */
		04E5238B1CA3E58A007BBC21 /* CoreDataTestOneToMany.app */ = {isa = PBXFileReference; explicitFileType = wrapper.application; includeInIndex = 0; path = CoreDataTestOneToMany.app; sourceTree = BUILT_PRODUCTS_DIR; };
		04E5238F1CA3E58A007BBC21 /* main.m */ = {isa = PBXFileReference; lastKnownFileType = sourcecode.c.objc; path = main.m; sourceTree = "<group>"; };
		04E523911CA3E58A007BBC21 /* AppDelegate.h */ = {isa = PBXFileReference; lastKnownFileType = sourcecode.c.h; path = AppDelegate.h; sourceTree = "<group>"; };
		04E523921CA3E58A007BBC21 /* AppDelegate.m */ = {isa = PBXFileReference; lastKnownFileType = sourcecode.c.objc; path = AppDelegate.m; sourceTree = "<group>"; };
		04E523941CA3E58A007BBC21 /* ViewController.h */ = {isa = PBXFileReference; lastKnownFileType = sourcecode.c.h; path = ViewController.h; sourceTree = "<group>"; };
		04E523951CA3E58A007BBC21 /* ViewController.m */ = {isa = PBXFileReference; lastKnownFileType = sourcecode.c.objc; path = ViewController.m; sourceTree = "<group>"; };
		04E523981CA3E58A007BBC21 /* Base */ = {isa = PBXFileReference; lastKnownFileType = file.storyboard; name = Base; path = Base.lproj/Main.storyboard; sourceTree = "<group>"; };
		04E5239B1CA3E58A007BBC21 /* CoreDataTestOneToMany.xcdatamodel */ = {isa = PBXFileReference; lastKnownFileType = wrapper.xcdatamodel; path = CoreDataTestOneToMany.xcdatamodel; sourceTree = "<group>"; };
		04E5239D1CA3E58A007BBC21 /* Assets.xcassets */ = {isa = PBXFileReference; lastKnownFileType = folder.assetcatalog; path = Assets.xcassets; sourceTree = "<group>"; };
		04E523A01CA3E58A007BBC21 /* Base */ = {isa = PBXFileReference; lastKnownFileType = file.storyboard; name = Base; path = Base.lproj/LaunchScreen.storyboard; sourceTree = "<group>"; };
		04E523A21CA3E58A007BBC21 /* Info.plist */ = {isa = PBXFileReference; lastKnownFileType = text.plist.xml; path = Info.plist; sourceTree = "<group>"; };
		04E523A71CA3E58A007BBC21 /* CoreDataTestOneToManyTests.xctest */ = {isa = PBXFileReference; explicitFileType = wrapper.cfbundle; includeInIndex = 0; path = CoreDataTestOneToManyTests.xctest; sourceTree = BUILT_PRODUCTS_DIR; };
		04E523AB1CA3E58A007BBC21 /* CoreDataTestOneToManyTests.m */ = {isa = PBXFileReference; lastKnownFileType = sourcecode.c.objc; path = CoreDataTestOneToManyTests.m; sourceTree = "<group>"; };
		04E523AD1CA3E58A007BBC21 /* Info.plist */ = {isa = PBXFileReference; lastKnownFileType = text.plist.xml; path = Info.plist; sourceTree = "<group>"; };
		04E523B21CA3E58A007BBC21 /* CoreDataTestOneToManyUITests.xctest */ = {isa = PBXFileReference; explicitFileType = wrapper.cfbundle; includeInIndex = 0; path = CoreDataTestOneToManyUITests.xctest; sourceTree = BUILT_PRODUCTS_DIR; };
		04E523B61CA3E58A007BBC21 /* CoreDataTestOneToManyUITests.m */ = {isa = PBXFileReference; lastKnownFileType = sourcecode.c.objc; path = CoreDataTestOneToManyUITests.m; sourceTree = "<group>"; };
		04E523B81CA3E58A007BBC21 /* Info.plist */ = {isa = PBXFileReference; lastKnownFileType = text.plist.xml; path = Info.plist; sourceTree = "<group>"; };
		04E523D01CA3EA06007BBC21 /* Car+CoreDataProperties.h */ = {isa = PBXFileReference; fileEncoding = 4; lastKnownFileType = sourcecode.c.h; path = "Car+CoreDataProperties.h"; sourceTree = "<group>"; };
		04E523D11CA3EA06007BBC21 /* Car+CoreDataProperties.m */ = {isa = PBXFileReference; fileEncoding = 4; lastKnownFileType = sourcecode.c.objc; path = "Car+CoreDataProperties.m"; sourceTree = "<group>"; };
		04E523D21CA3EA06007BBC21 /* Car.h */ = {isa = PBXFileReference; fileEncoding = 4; lastKnownFileType = sourcecode.c.h; path = Car.h; sourceTree = "<group>"; };
		04E523D31CA3EA06007BBC21 /* Car.m */ = {isa = PBXFileReference; fileEncoding = 4; lastKnownFileType = sourcecode.c.objc; path = Car.m; sourceTree = "<group>"; };
		04E523D41CA3EA06007BBC21 /* People+CoreDataProperties.h */ = {isa = PBXFileReference; fileEncoding = 4; lastKnownFileType = sourcecode.c.h; path = "People+CoreDataProperties.h"; sourceTree = "<group>"; };
		04E523D51CA3EA06007BBC21 /* People+CoreDataProperties.m */ = {isa = PBXFileReference; fileEncoding = 4; lastKnownFileType = sourcecode.c.objc; path = "People+CoreDataProperties.m"; sourceTree = "<group>"; };
		04E523D61CA3EA06007BBC21 /* People.h */ = {isa = PBXFileReference; fileEncoding = 4; lastKnownFileType = sourcecode.c.h; path = People.h; sourceTree = "<group>"; };
		04E523D71CA3EA06007BBC21 /* People.m */ = {isa = PBXFileReference; fileEncoding = 4; lastKnownFileType = sourcecode.c.objc; path = People.m; sourceTree = "<group>"; };
/* End PBXFileReference section */

/* Begin PBXFrameworksBuildPhase section */
		04E523881CA3E58A007BBC21 /* Frameworks */ = {
			isa = PBXFrameworksBuildPhase;
			buildActionMask = 2147483647;
			files = (
			);
			runOnlyForDeploymentPostprocessing = 0;
		};
		04E523A41CA3E58A007BBC21 /* Frameworks */ = {
			isa = PBXFrameworksBuildPhase;
			buildActionMask = 2147483647;
			files = (
			);
			runOnlyForDeploymentPostprocessing = 0;
		};
		04E523AF1CA3E58A007BBC21 /* Frameworks */ = {
			isa = PBXFrameworksBuildPhase;
			buildActionMask = 2147483647;
			files = (
			);
			runOnlyForDeploymentPostprocessing = 0;
		};
/* End PBXFrameworksBuildPhase section */

/* Begin PBXGroup section */
		04E523821CA3E58A007BBC21 = {
			isa = PBXGroup;
			children = (
				04E523D01CA3EA06007BBC21 /* Car+CoreDataProperties.h */,
				04E523D11CA3EA06007BBC21 /* Car+CoreDataProperties.m */,
				04E523D21CA3EA06007BBC21 /* Car.h */,
				04E523D31CA3EA06007BBC21 /* Car.m */,
				04E523D41CA3EA06007BBC21 /* People+CoreDataProperties.h */,
				04E523D51CA3EA06007BBC21 /* People+CoreDataProperties.m */,
				04E523D61CA3EA06007BBC21 /* People.h */,
				04E523D71CA3EA06007BBC21 /* People.m */,
				04E5238D1CA3E58A007BBC21 /* CoreDataTestOneToMany */,
				04E523AA1CA3E58A007BBC21 /* CoreDataTestOneToManyTests */,
				04E523B51CA3E58A007BBC21 /* CoreDataTestOneToManyUITests */,
				04E5238C1CA3E58A007BBC21 /* Products */,
			);
			sourceTree = "<group>";
		};
		04E5238C1CA3E58A007BBC21 /* Products */ = {
			isa = PBXGroup;
			children = (
				04E5238B1CA3E58A007BBC21 /* CoreDataTestOneToMany.app */,
				04E523A71CA3E58A007BBC21 /* CoreDataTestOneToManyTests.xctest */,
				04E523B21CA3E58A007BBC21 /* CoreDataTestOneToManyUITests.xctest */,
			);
			name = Products;
			sourceTree = "<group>";
		};
		04E5238D1CA3E58A007BBC21 /* CoreDataTestOneToMany */ = {
			isa = PBXGroup;
			children = (
				04E523911CA3E58A007BBC21 /* AppDelegate.h */,
				04E523921CA3E58A007BBC21 /* AppDelegate.m */,
				04E523941CA3E58A007BBC21 /* ViewController.h */,
				04E523951CA3E58A007BBC21 /* ViewController.m */,
				04E523971CA3E58A007BBC21 /* Main.storyboard */,
				04E5239D1CA3E58A007BBC21 /* Assets.xcassets */,
				04E5239F1CA3E58A007BBC21 /* LaunchScreen.storyboard */,
				04E523A21CA3E58A007BBC21 /* Info.plist */,
				04E5239A1CA3E58A007BBC21 /* CoreDataTestOneToMany.xcdatamodeld */,
				04E5238E1CA3E58A007BBC21 /* Supporting Files */,
			);
			path = CoreDataTestOneToMany;
			sourceTree = "<group>";
		};
		04E5238E1CA3E58A007BBC21 /* Supporting Files */ = {
			isa = PBXGroup;
			children = (
				04E5238F1CA3E58A007BBC21 /* main.m */,
			);
			name = "Supporting Files";
			sourceTree = "<group>";
		};
		04E523AA1CA3E58A007BBC21 /* CoreDataTestOneToManyTests */ = {
			isa = PBXGroup;
			children = (
				04E523AB1CA3E58A007BBC21 /* CoreDataTestOneToManyTests.m */,
				04E523AD1CA3E58A007BBC21 /* Info.plist */,
			);
			path = CoreDataTestOneToManyTests;
			sourceTree = "<group>";
		};
		04E523B51CA3E58A007BBC21 /* CoreDataTestOneToManyUITests */ = {
			isa = PBXGroup;
			children = (
				04E523B61CA3E58A007BBC21 /* CoreDataTestOneToManyUITests.m */,
				04E523B81CA3E58A007BBC21 /* Info.plist */,
			);
			path = CoreDataTestOneToManyUITests;
			sourceTree = "<group>";
		};
/* End PBXGroup section */

/* Begin PBXNativeTarget section */
		04E5238A1CA3E58A007BBC21 /* CoreDataTestOneToMany */ = {
			isa = PBXNativeTarget;
			buildConfigurationList = 04E523BB1CA3E58A007BBC21 /* Build configuration list for PBXNativeTarget "CoreDataTestOneToMany" */;
			buildPhases = (
				04E523871CA3E58A007BBC21 /* Sources */,
				04E523881CA3E58A007BBC21 /* Frameworks */,
				04E523891CA3E58A007BBC21 /* Resources */,
			);
			buildRules = (
			);
			dependencies = (
			);
			name = CoreDataTestOneToMany;
			productName = CoreDataTestOneToMany;
			productReference = 04E5238B1CA3E58A007BBC21 /* CoreDataTestOneToMany.app */;
			productType = "com.apple.product-type.application";
		};
		04E523A61CA3E58A007BBC21 /* CoreDataTestOneToManyTests */ = {
			isa = PBXNativeTarget;
			buildConfigurationList = 04E523BE1CA3E58A007BBC21 /* Build configuration list for PBXNativeTarget "CoreDataTestOneToManyTests" */;
			buildPhases = (
				04E523A31CA3E58A007BBC21 /* Sources */,
				04E523A41CA3E58A007BBC21 /* Frameworks */,
				04E523A51CA3E58A007BBC21 /* Resources */,
			);
			buildRules = (
			);
			dependencies = (
				04E523A91CA3E58A007BBC21 /* PBXTargetDependency */,
			);
			name = CoreDataTestOneToManyTests;
			productName = CoreDataTestOneToManyTests;
			productReference = 04E523A71CA3E58A007BBC21 /* CoreDataTestOneToManyTests.xctest */;
			productType = "com.apple.product-type.bundle.unit-test";
		};
		04E523B11CA3E58A007BBC21 /* CoreDataTestOneToManyUITests */ = {
			isa = PBXNativeTarget;
			buildConfigurationList = 04E523C11CA3E58A007BBC21 /* Build configuration list for PBXNativeTarget "CoreDataTestOneToManyUITests" */;
			buildPhases = (
				04E523AE1CA3E58A007BBC21 /* Sources */,
				04E523AF1CA3E58A007BBC21 /* Frameworks */,
				04E523B01CA3E58A007BBC21 /* Resources */,
			);
			buildRules = (
			);
			dependencies = (
				04E523B41CA3E58A007BBC21 /* PBXTargetDependency */,
			);
			name = CoreDataTestOneToManyUITests;
			productName = CoreDataTestOneToManyUITests;
			productReference = 04E523B21CA3E58A007BBC21 /* CoreDataTestOneToManyUITests.xctest */;
			productType = "com.apple.product-type.bundle.ui-testing";
		};
/* End PBXNativeTarget section */

/* Begin PBXProject section */
		04E523831CA3E58A007BBC21 /* Project object */ = {
			isa = PBXProject;
			attributes = {
				LastUpgradeCheck = 0720;
				ORGANIZATIONNAME = Seven;
				TargetAttributes = {
					04E5238A1CA3E58A007BBC21 = {
						CreatedOnToolsVersion = 7.2;
					};
					04E523A61CA3E58A007BBC21 = {
						CreatedOnToolsVersion = 7.2;
						TestTargetID = 04E5238A1CA3E58A007BBC21;
					};
					04E523B11CA3E58A007BBC21 = {
						CreatedOnToolsVersion = 7.2;
						TestTargetID = 04E5238A1CA3E58A007BBC21;
					};
				};
			};
			buildConfigurationList = 04E523861CA3E58A007BBC21 /* Build configuration list for PBXProject "CoreDataTestOneToMany" */;
			compatibilityVersion = "Xcode 3.2";
			developmentRegion = English;
			hasScannedForEncodings = 0;
			knownRegions = (
				en,
				Base,
			);
			mainGroup = 04E523821CA3E58A007BBC21;
			productRefGroup = 04E5238C1CA3E58A007BBC21 /* Products */;
			projectDirPath = "";
			projectRoot = "";
			targets = (
				04E5238A1CA3E58A007BBC21 /* CoreDataTestOneToMany */,
				04E523A61CA3E58A007BBC21 /* CoreDataTestOneToManyTests */,
				04E523B11CA3E58A007BBC21 /* CoreDataTestOneToManyUITests */,
			);
		};
/* End PBXProject section */

/* Begin PBXResourcesBuildPhase section */
		04E523891CA3E58A007BBC21 /* Resources */ = {
			isa = PBXResourcesBuildPhase;
			buildActionMask = 2147483647;
			files = (
				04E523A11CA3E58A007BBC21 /* LaunchScreen.storyboard in Resources */,
				04E5239E1CA3E58A007BBC21 /* Assets.xcassets in Resources */,
				04E523991CA3E58A007BBC21 /* Main.storyboard in Resources */,
			);
			runOnlyForDeploymentPostprocessing = 0;
		};
		04E523A51CA3E58A007BBC21 /* Resources */ = {
			isa = PBXResourcesBuildPhase;
			buildActionMask = 2147483647;
			files = (
			);
			runOnlyForDeploymentPostprocessing = 0;
		};
		04E523B01CA3E58A007BBC21 /* Resources */ = {
			isa = PBXResourcesBuildPhase;
			buildActionMask = 2147483647;
			files = (
			);
			runOnlyForDeploymentPostprocessing = 0;
		};
/* End PBXResourcesBuildPhase section */

/* Begin PBXSourcesBuildPhase section */
		04E523871CA3E58A007BBC21 /* Sources */ = {
			isa = PBXSourcesBuildPhase;
			buildActionMask = 2147483647;
			files = (
				04E523DB1CA3EA06007BBC21 /* People.m in Sources */,
				04E523DA1CA3EA06007BBC21 /* People+CoreDataProperties.m in Sources */,
				04E523D91CA3EA06007BBC21 /* Car.m in Sources */,
				04E523961CA3E58A007BBC21 /* ViewController.m in Sources */,
				04E523D81CA3EA06007BBC21 /* Car+CoreDataProperties.m in Sources */,
				04E523931CA3E58A007BBC21 /* AppDelegate.m in Sources */,
				04E523901CA3E58A007BBC21 /* main.m in Sources */,
				04E5239C1CA3E58A007BBC21 /* CoreDataTestOneToMany.xcdatamodeld in Sources */,
			);
			runOnlyForDeploymentPostprocessing = 0;
		};
		04E523A31CA3E58A007BBC21 /* Sources */ = {
			isa = PBXSourcesBuildPhase;
			buildActionMask = 2147483647;
			files = (
				04E523AC1CA3E58A007BBC21 /* CoreDataTestOneToManyTests.m in Sources */,
			);
			runOnlyForDeploymentPostprocessing = 0;
		};
		04E523AE1CA3E58A007BBC21 /* Sources */ = {
			isa = PBXSourcesBuildPhase;
			buildActionMask = 2147483647;
			files = (
				04E523B71CA3E58A007BBC21 /* CoreDataTestOneToManyUITests.m in Sources */,
			);
			runOnlyForDeploymentPostprocessing = 0;
		};
/* End PBXSourcesBuildPhase section */

/* Begin PBXTargetDependency section */
		04E523A91CA3E58A007BBC21 /* PBXTargetDependency */ = {
			isa = PBXTargetDependency;
			target = 04E5238A1CA3E58A007BBC21 /* CoreDataTestOneToMany */;
			targetProxy = 04E523A81CA3E58A007BBC21 /* PBXContainerItemProxy */;
		};
		04E523B41CA3E58A007BBC21 /* PBXTargetDependency */ = {
			isa = PBXTargetDependency;
			target = 04E5238A1CA3E58A007BBC21 /* CoreDataTestOneToMany */;
			targetProxy = 04E523B31CA3E58A007BBC21 /* PBXContainerItemProxy */;
		};
/* End PBXTargetDependency section */

/* Begin PBXVariantGroup section */
		04E523971CA3E58A007BBC21 /* Main.storyboard */ = {
			isa = PBXVariantGroup;
			children = (
				04E523981CA3E58A007BBC21 /* Base */,
			);
			name = Main.storyboard;
			sourceTree = "<group>";
		};
		04E5239F1CA3E58A007BBC21 /* LaunchScreen.storyboard */ = {
			isa = PBXVariantGroup;
			children = (
				04E523A01CA3E58A007BBC21 /* Base */,
			);
			name = LaunchScreen.storyboard;
			sourceTree = "<group>";
		};
/* End PBXVariantGroup section */

/* Begin XCBuildConfiguration section */
		04E523B91CA3E58A007BBC21 /* Debug */ = {
			isa = XCBuildConfiguration;
			buildSettings = {
				ALWAYS_SEARCH_USER_PATHS = NO;
				CLANG_CXX_LANGUAGE_STANDARD = "gnu++0x";
				CLANG_CXX_LIBRARY = "libc++";
				CLANG_ENABLE_MODULES = YES;
				CLANG_ENABLE_OBJC_ARC = YES;
				CLANG_WARN_BOOL_CONVERSION = YES;
				CLANG_WARN_CONSTANT_CONVERSION = YES;
				CLANG_WARN_DIRECT_OBJC_ISA_USAGE = YES_ERROR;
				CLANG_WARN_EMPTY_BODY = YES;
				CLANG_WARN_ENUM_CONVERSION = YES;
				CLANG_WARN_INT_CONVERSION = YES;
				CLANG_WARN_OBJC_ROOT_CLASS = YES_ERROR;
				CLANG_WARN_UNREACHABLE_CODE = YES;
				CLANG_WARN__DUPLICATE_METHOD_MATCH = YES;
				"CODE_SIGN_IDENTITY[sdk=iphoneos*]" = "iPhone Developer";
				COPY_PHASE_STRIP = NO;
				DEBUG_INFORMATION_FORMAT = dwarf;
				ENABLE_STRICT_OBJC_MSGSEND = YES;
				ENABLE_TESTABILITY = YES;
				GCC_C_LANGUAGE_STANDARD = gnu99;
				GCC_DYNAMIC_NO_PIC = NO;
				GCC_NO_COMMON_BLOCKS = YES;
				GCC_OPTIMIZATION_LEVEL = 0;
				GCC_PREPROCESSOR_DEFINITIONS = (
					"DEBUG=1",
					"$(inherited)",
				);
				GCC_WARN_64_TO_32_BIT_CONVERSION = YES;
				GCC_WARN_ABOUT_RETURN_TYPE = YES_ERROR;
				GCC_WARN_UNDECLARED_SELECTOR = YES;
				GCC_WARN_UNINITIALIZED_AUTOS = YES_AGGRESSIVE;
				GCC_WARN_UNUSED_FUNCTION = YES;
				GCC_WARN_UNUSED_VARIABLE = YES;
				IPHONEOS_DEPLOYMENT_TARGET = 9.2;
				MTL_ENABLE_DEBUG_INFO = YES;
				ONLY_ACTIVE_ARCH = YES;
				SDKROOT = iphoneos;
			};
			name = Debug;
		};
		04E523BA1CA3E58A007BBC21 /* Release */ = {
			isa = XCBuildConfiguration;
			buildSettings = {
				ALWAYS_SEARCH_USER_PATHS = NO;
				CLANG_CXX_LANGUAGE_STANDARD = "gnu++0x";
				CLANG_CXX_LIBRARY = "libc++";
				CLANG_ENABLE_MODULES = YES;
				CLANG_ENABLE_OBJC_ARC = YES;
				CLANG_WARN_BOOL_CONVERSION = YES;
				CLANG_WARN_CONSTANT_CONVERSION = YES;
				CLANG_WARN_DIRECT_OBJC_ISA_USAGE = YES_ERROR;
				CLANG_WARN_EMPTY_BODY = YES;
				CLANG_WARN_ENUM_CONVERSION = YES;
				CLANG_WARN_INT_CONVERSION = YES;
				CLANG_WARN_OBJC_ROOT_CLASS = YES_ERROR;
				CLANG_WARN_UNREACHABLE_CODE = YES;
				CLANG_WARN__DUPLICATE_METHOD_MATCH = YES;
				"CODE_SIGN_IDENTITY[sdk=iphoneos*]" = "iPhone Developer";
				COPY_PHASE_STRIP = NO;
				DEBUG_INFORMATION_FORMAT = "dwarf-with-dsym";
				ENABLE_NS_ASSERTIONS = NO;
				ENABLE_STRICT_OBJC_MSGSEND = YES;
				GCC_C_LANGUAGE_STANDARD = gnu99;
				GCC_NO_COMMON_BLOCKS = YES;
				GCC_WARN_64_TO_32_BIT_CONVERSION = YES;
				GCC_WARN_ABOUT_RETURN_TYPE = YES_ERROR;
				GCC_WARN_UNDECLARED_SELECTOR = YES;
				GCC_WARN_UNINITIALIZED_AUTOS = YES_AGGRESSIVE;
				GCC_WARN_UNUSED_FUNCTION = YES;
				GCC_WARN_UNUSED_VARIABLE = YES;
				IPHONEOS_DEPLOYMENT_TARGET = 9.2;
				MTL_ENABLE_DEBUG_INFO = NO;
				SDKROOT = iphoneos;
				VALIDATE_PRODUCT = YES;
			};
			name = Release;
		};
		04E523BC1CA3E58A007BBC21 /* Debug */ = {
			isa = XCBuildConfiguration;
			buildSettings = {
				ASSETCATALOG_COMPILER_APPICON_NAME = AppIcon;
				INFOPLIST_FILE = CoreDataTestOneToMany/Info.plist;
				LD_RUNPATH_SEARCH_PATHS = "$(inherited) @executable_path/Frameworks";
				PRODUCT_BUNDLE_IDENTIFIER = com.SevenDream.CoreDataTestOneToMany;
				PRODUCT_NAME = "$(TARGET_NAME)";
			};
			name = Debug;
		};
		04E523BD1CA3E58A007BBC21 /* Release */ = {
			isa = XCBuildConfiguration;
			buildSettings = {
				ASSETCATALOG_COMPILER_APPICON_NAME = AppIcon;
				INFOPLIST_FILE = CoreDataTestOneToMany/Info.plist;
				LD_RUNPATH_SEARCH_PATHS = "$(inherited) @executable_path/Frameworks";
				PRODUCT_BUNDLE_IDENTIFIER = com.SevenDream.CoreDataTestOneToMany;
				PRODUCT_NAME = "$(TARGET_NAME)";
			};
			name = Release;
		};
		04E523BF1CA3E58A007BBC21 /* Debug */ = {
			isa = XCBuildConfiguration;
			buildSettings = {
				BUNDLE_LOADER = "$(TEST_HOST)";
				INFOPLIST_FILE = CoreDataTestOneToManyTests/Info.plist;
				LD_RUNPATH_SEARCH_PATHS = "$(inherited) @executable_path/Frameworks @loader_path/Frameworks";
				PRODUCT_BUNDLE_IDENTIFIER = com.SevenDream.CoreDataTestOneToManyTests;
				PRODUCT_NAME = "$(TARGET_NAME)";
				TEST_HOST = "$(BUILT_PRODUCTS_DIR)/CoreDataTestOneToMany.app/CoreDataTestOneToMany";
			};
			name = Debug;
		};
		04E523C01CA3E58A007BBC21 /* Release */ = {
			isa = XCBuildConfiguration;
			buildSettings = {
				BUNDLE_LOADER = "$(TEST_HOST)";
				INFOPLIST_FILE = CoreDataTestOneToManyTests/Info.plist;
				LD_RUNPATH_SEARCH_PATHS = "$(inherited) @executable_path/Frameworks @loader_path/Frameworks";
				PRODUCT_BUNDLE_IDENTIFIER = com.SevenDream.CoreDataTestOneToManyTests;
				PRODUCT_NAME = "$(TARGET_NAME)";
				TEST_HOST = "$(BUILT_PRODUCTS_DIR)/CoreDataTestOneToMany.app/CoreDataTestOneToMany";
			};
			name = Release;
		};
		04E523C21CA3E58A007BBC21 /* Debug */ = {
			isa = XCBuildConfiguration;
			buildSettings = {
				INFOPLIST_FILE = CoreDataTestOneToManyUITests/Info.plist;
				LD_RUNPATH_SEARCH_PATHS = "$(inherited) @executable_path/Frameworks @loader_path/Frameworks";
				PRODUCT_BUNDLE_IDENTIFIER = com.SevenDream.CoreDataTestOneToManyUITests;
				PRODUCT_NAME = "$(TARGET_NAME)";
				TEST_TARGET_NAME = CoreDataTestOneToMany;
				USES_XCTRUNNER = YES;
			};
			name = Debug;
		};
		04E523C31CA3E58A007BBC21 /* Release */ = {
			isa = XCBuildConfiguration;
			buildSettings = {
				INFOPLIST_FILE = CoreDataTestOneToManyUITests/Info.plist;
				LD_RUNPATH_SEARCH_PATHS = "$(inherited) @executable_path/Frameworks @loader_path/Frameworks";
				PRODUCT_BUNDLE_IDENTIFIER = com.SevenDream.CoreDataTestOneToManyUITests;
				PRODUCT_NAME = "$(TARGET_NAME)";
				TEST_TARGET_NAME = CoreDataTestOneToMany;
				USES_XCTRUNNER = YES;
			};
			name = Release;
		};
/* End XCBuildConfiguration section */

/* Begin XCConfigurationList section */
		04E523861CA3E58A007BBC21 /* Build configuration list for PBXProject "CoreDataTestOneToMany" */ = {
			isa = XCConfigurationList;
			buildConfigurations = (
				04E523B91CA3E58A007BBC21 /* Debug */,
				04E523BA1CA3E58A007BBC21 /* Release */,
			);
			defaultConfigurationIsVisible = 0;
			defaultConfigurationName = Release;
		};
		04E523BB1CA3E58A007BBC21 /* Build configuration list for PBXNativeTarget "CoreDataTestOneToMany" */ = {
			isa = XCConfigurationList;
			buildConfigurations = (
				04E523BC1CA3E58A007BBC21 /* Debug */,
				04E523BD1CA3E58A007BBC21 /* Release */,
			);
			defaultConfigurationIsVisible = 0;
		};
		04E523BE1CA3E58A007BBC21 /* Build configuration list for PBXNativeTarget "CoreDataTestOneToManyTests" */ = {
			isa = XCConfigurationList;
			buildConfigurations = (
				04E523BF1CA3E58A007BBC21 /* Debug */,
				04E523C01CA3E58A007BBC21 /* Release */,
			);
			defaultConfigurationIsVisible = 0;
		};
		04E523C11CA3E58A007BBC21 /* Build configuration list for PBXNativeTarget "CoreDataTestOneToManyUITests" */ = {
			isa = XCConfigurationList;
			buildConfigurations = (
				04E523C21CA3E58A007BBC21 /* Debug */,
				04E523C31CA3E58A007BBC21 /* Release */,
			);
			defaultConfigurationIsVisible = 0;
		};
/* End XCConfigurationList section */

/* Begin XCVersionGroup section */
		04E5239A1CA3E58A007BBC21 /* CoreDataTestOneToMany.xcdatamodeld */ = {
			isa = XCVersionGroup;
			children = (
				04E5239B1CA3E58A007BBC21 /* CoreDataTestOneToMany.xcdatamodel */,
			);
			currentVersion = 04E5239B1CA3E58A007BBC21 /* CoreDataTestOneToMany.xcdatamodel */;
			path = CoreDataTestOneToMany.xcdatamodeld;
			sourceTree = "<group>";
			versionGroupType = wrapper.xcdatamodel;
		};
/* End XCVersionGroup section */
	};
	rootObject = 04E523831CA3E58A007BBC21 /* Project object */;
}
